// !$*UTF8*$!
{
	archiveVersion = 1;
	classes = {
	};
	objectVersion = 56;
	objects = {

/* Begin PBXBuildFile section */
		B2AF47242A152E1E0019FEC9 /* AppDelegate.swift in Sources */ = {isa = PBXBuildFile; fileRef = B2AF47232A152E1E0019FEC9 /* AppDelegate.swift */; };
		B2AF47262A152E1E0019FEC9 /* SceneDelegate.swift in Sources */ = {isa = PBXBuildFile; fileRef = B2AF47252A152E1E0019FEC9 /* SceneDelegate.swift */; };
		B2AF47282A152E1E0019FEC9 /* ViewController.swift in Sources */ = {isa = PBXBuildFile; fileRef = B2AF47272A152E1E0019FEC9 /* ViewController.swift */; };
		B2AF472D2A152E1F0019FEC9 /* Assets.xcassets in Resources */ = {isa = PBXBuildFile; fileRef = B2AF472C2A152E1F0019FEC9 /* Assets.xcassets */; };
		B2AF47302A152E1F0019FEC9 /* LaunchScreen.storyboard in Resources */ = {isa = PBXBuildFile; fileRef = B2AF472E2A152E1F0019FEC9 /* LaunchScreen.storyboard */; };
		B2AF473C2A1530210019FEC9 /* UIKit.framework in Frameworks */ = {isa = PBXBuildFile; fileRef = B2AF473B2A1530210019FEC9 /* UIKit.framework */; };
		B2AF473E2A15302B0019FEC9 /* Foundation.framework in Frameworks */ = {isa = PBXBuildFile; fileRef = B2AF473D2A15302B0019FEC9 /* Foundation.framework */; };
		B2AF47402A1530310019FEC9 /* CoreGraphics.framework in Frameworks */ = {isa = PBXBuildFile; fileRef = B2AF473F2A1530310019FEC9 /* CoreGraphics.framework */; };
		B2AF474A2A1544B00019FEC9 /* Environment.swift in Sources */ = {isa = PBXBuildFile; fileRef = B2AF47492A1544B00019FEC9 /* Environment.swift */; };
		B2AF474F2A1547230019FEC9 /* WeatherInteractor.swift in Sources */ = {isa = PBXBuildFile; fileRef = B2AF474E2A1547230019FEC9 /* WeatherInteractor.swift */; };
		B2AF47522A15479A0019FEC9 /* Weather.swift in Sources */ = {isa = PBXBuildFile; fileRef = B2AF47512A15479A0019FEC9 /* Weather.swift */; };
		B2AF47572A1548230019FEC9 /* Weather+Response.swift in Sources */ = {isa = PBXBuildFile; fileRef = B2AF47562A1548230019FEC9 /* Weather+Response.swift */; };
		B2AF47592A15484A0019FEC9 /* Weather+Main.swift in Sources */ = {isa = PBXBuildFile; fileRef = B2AF47582A15484A0019FEC9 /* Weather+Main.swift */; };
		B2AF47612A1553780019FEC9 /* WeatherViewController.swift in Sources */ = {isa = PBXBuildFile; fileRef = B2AF47602A1553780019FEC9 /* WeatherViewController.swift */; };
		B2AF47632A1554310019FEC9 /* WeatherPresenter.swift in Sources */ = {isa = PBXBuildFile; fileRef = B2AF47622A1554310019FEC9 /* WeatherPresenter.swift */; };
		B2AF476A2A1556C80019FEC9 /* Localized.swift in Sources */ = {isa = PBXBuildFile; fileRef = B2AF47692A1556C80019FEC9 /* Localized.swift */; };
		B2B84E352A1569C800E0423A /* Weather+Geo.swift in Sources */ = {isa = PBXBuildFile; fileRef = B2B84E342A1569C800E0423A /* Weather+Geo.swift */; };
		B2B84E372A15772D00E0423A /* Weather+Request.swift in Sources */ = {isa = PBXBuildFile; fileRef = B2B84E362A15772D00E0423A /* Weather+Request.swift */; };
/* End PBXBuildFile section */

/* Begin PBXFileReference section */
		B2AF47202A152E1E0019FEC9 /* CityWeather.app */ = {isa = PBXFileReference; explicitFileType = wrapper.application; includeInIndex = 0; path = CityWeather.app; sourceTree = BUILT_PRODUCTS_DIR; };
		B2AF47232A152E1E0019FEC9 /* AppDelegate.swift */ = {isa = PBXFileReference; lastKnownFileType = sourcecode.swift; path = AppDelegate.swift; sourceTree = "<group>"; };
		B2AF47252A152E1E0019FEC9 /* SceneDelegate.swift */ = {isa = PBXFileReference; lastKnownFileType = sourcecode.swift; path = SceneDelegate.swift; sourceTree = "<group>"; };
		B2AF47272A152E1E0019FEC9 /* ViewController.swift */ = {isa = PBXFileReference; lastKnownFileType = sourcecode.swift; path = ViewController.swift; sourceTree = "<group>"; };
		B2AF472C2A152E1F0019FEC9 /* Assets.xcassets */ = {isa = PBXFileReference; lastKnownFileType = folder.assetcatalog; path = Assets.xcassets; sourceTree = "<group>"; };
		B2AF472F2A152E1F0019FEC9 /* Base */ = {isa = PBXFileReference; lastKnownFileType = file.storyboard; name = Base; path = Base.lproj/LaunchScreen.storyboard; sourceTree = "<group>"; };
		B2AF47312A152E1F0019FEC9 /* Info.plist */ = {isa = PBXFileReference; lastKnownFileType = text.plist.xml; path = Info.plist; sourceTree = "<group>"; };
		B2AF473B2A1530210019FEC9 /* UIKit.framework */ = {isa = PBXFileReference; lastKnownFileType = wrapper.framework; name = UIKit.framework; path = System/Library/Frameworks/UIKit.framework; sourceTree = SDKROOT; };
		B2AF473D2A15302B0019FEC9 /* Foundation.framework */ = {isa = PBXFileReference; lastKnownFileType = wrapper.framework; name = Foundation.framework; path = System/Library/Frameworks/Foundation.framework; sourceTree = SDKROOT; };
		B2AF473F2A1530310019FEC9 /* CoreGraphics.framework */ = {isa = PBXFileReference; lastKnownFileType = wrapper.framework; name = CoreGraphics.framework; path = System/Library/Frameworks/CoreGraphics.framework; sourceTree = SDKROOT; };
		B2AF47422A1530D20019FEC9 /* README.md */ = {isa = PBXFileReference; lastKnownFileType = net.daringfireball.markdown; path = README.md; sourceTree = "<group>"; };
		B2AF47432A1530D20019FEC9 /* LICENSE */ = {isa = PBXFileReference; lastKnownFileType = text; path = LICENSE; sourceTree = "<group>"; };
		B2AF47452A1534D90019FEC9 /* .gitignore */ = {isa = PBXFileReference; lastKnownFileType = text; path = .gitignore; sourceTree = "<group>"; };
		B2AF47472A1534D90019FEC9 /* pull_request_template.md */ = {isa = PBXFileReference; lastKnownFileType = net.daringfireball.markdown; path = pull_request_template.md; sourceTree = "<group>"; };
		B2AF47482A15357A0019FEC9 /* CHANGELOG.md */ = {isa = PBXFileReference; lastKnownFileType = net.daringfireball.markdown; path = CHANGELOG.md; sourceTree = "<group>"; };
		B2AF47492A1544B00019FEC9 /* Environment.swift */ = {isa = PBXFileReference; lastKnownFileType = sourcecode.swift; path = Environment.swift; sourceTree = "<group>"; };
		B2AF474E2A1547230019FEC9 /* WeatherInteractor.swift */ = {isa = PBXFileReference; lastKnownFileType = sourcecode.swift; path = WeatherInteractor.swift; sourceTree = "<group>"; };
		B2AF47512A15479A0019FEC9 /* Weather.swift */ = {isa = PBXFileReference; lastKnownFileType = sourcecode.swift; path = Weather.swift; sourceTree = "<group>"; };
		B2AF47562A1548230019FEC9 /* Weather+Response.swift */ = {isa = PBXFileReference; lastKnownFileType = sourcecode.swift; path = "Weather+Response.swift"; sourceTree = "<group>"; };
		B2AF47582A15484A0019FEC9 /* Weather+Main.swift */ = {isa = PBXFileReference; lastKnownFileType = sourcecode.swift; path = "Weather+Main.swift"; sourceTree = "<group>"; };
		B2AF47602A1553780019FEC9 /* WeatherViewController.swift */ = {isa = PBXFileReference; lastKnownFileType = sourcecode.swift; path = WeatherViewController.swift; sourceTree = "<group>"; };
		B2AF47622A1554310019FEC9 /* WeatherPresenter.swift */ = {isa = PBXFileReference; lastKnownFileType = sourcecode.swift; path = WeatherPresenter.swift; sourceTree = "<group>"; };
		B2AF47692A1556C80019FEC9 /* Localized.swift */ = {isa = PBXFileReference; lastKnownFileType = sourcecode.swift; path = Localized.swift; sourceTree = "<group>"; };
		B2B84E342A1569C800E0423A /* Weather+Geo.swift */ = {isa = PBXFileReference; lastKnownFileType = sourcecode.swift; path = "Weather+Geo.swift"; sourceTree = "<group>"; };
		B2B84E362A15772D00E0423A /* Weather+Request.swift */ = {isa = PBXFileReference; lastKnownFileType = sourcecode.swift; path = "Weather+Request.swift"; sourceTree = "<group>"; };
/* End PBXFileReference section */

/* Begin PBXFrameworksBuildPhase section */
		B2AF471D2A152E1E0019FEC9 /* Frameworks */ = {
			isa = PBXFrameworksBuildPhase;
			buildActionMask = 2147483647;
			files = (
				B2AF47402A1530310019FEC9 /* CoreGraphics.framework in Frameworks */,
				B2AF473C2A1530210019FEC9 /* UIKit.framework in Frameworks */,
				B2AF473E2A15302B0019FEC9 /* Foundation.framework in Frameworks */,
			);
			runOnlyForDeploymentPostprocessing = 0;
		};
/* End PBXFrameworksBuildPhase section */

/* Begin PBXGroup section */
		B2AF47172A152E1E0019FEC9 = {
			isa = PBXGroup;
			children = (
				B2AF47412A1530630019FEC9 /* Repository */,
				B2AF47222A152E1E0019FEC9 /* Sources */,
				B2AF47212A152E1E0019FEC9 /* Products */,
				B2AF473A2A1530200019FEC9 /* Frameworks */,
			);
			sourceTree = "<group>";
		};
		B2AF47212A152E1E0019FEC9 /* Products */ = {
			isa = PBXGroup;
			children = (
				B2AF47202A152E1E0019FEC9 /* CityWeather.app */,
			);
			name = Products;
			sourceTree = "<group>";
		};
		B2AF47222A152E1E0019FEC9 /* Sources */ = {
			isa = PBXGroup;
			children = (
				B2AF47392A152FC20019FEC9 /* Build */,
				B2AF47372A152FAB0019FEC9 /* Compile */,
				B2AF47382A152FB50019FEC9 /* Resources */,
			);
			path = Sources;
			sourceTree = "<group>";
		};
		B2AF47372A152FAB0019FEC9 /* Compile */ = {
			isa = PBXGroup;
			children = (
				B2AF47232A152E1E0019FEC9 /* AppDelegate.swift */,
				B2AF47252A152E1E0019FEC9 /* SceneDelegate.swift */,
				B2AF47272A152E1E0019FEC9 /* ViewController.swift */,
				B2AF47682A1556BC0019FEC9 /* Helpers */,
				B2AF474D2A1547100019FEC9 /* Weather */,
			);
			path = Compile;
			sourceTree = "<group>";
		};
		B2AF47382A152FB50019FEC9 /* Resources */ = {
			isa = PBXGroup;
			children = (
				B2AF472C2A152E1F0019FEC9 /* Assets.xcassets */,
				B2AF472E2A152E1F0019FEC9 /* LaunchScreen.storyboard */,
			);
			path = Resources;
			sourceTree = "<group>";
		};
		B2AF47392A152FC20019FEC9 /* Build */ = {
			isa = PBXGroup;
			children = (
				B2AF47312A152E1F0019FEC9 /* Info.plist */,
			);
			path = Build;
			sourceTree = "<group>";
		};
		B2AF473A2A1530200019FEC9 /* Frameworks */ = {
			isa = PBXGroup;
			children = (
				B2AF473F2A1530310019FEC9 /* CoreGraphics.framework */,
				B2AF473D2A15302B0019FEC9 /* Foundation.framework */,
				B2AF473B2A1530210019FEC9 /* UIKit.framework */,
			);
			name = Frameworks;
			sourceTree = "<group>";
		};
		B2AF47412A1530630019FEC9 /* Repository */ = {
			isa = PBXGroup;
			children = (
				B2AF47462A1534D90019FEC9 /* .github */,
				B2AF47452A1534D90019FEC9 /* .gitignore */,
				B2AF47482A15357A0019FEC9 /* CHANGELOG.md */,
				B2AF47432A1530D20019FEC9 /* LICENSE */,
				B2AF47422A1530D20019FEC9 /* README.md */,
			);
			name = Repository;
			sourceTree = "<group>";
		};
		B2AF47462A1534D90019FEC9 /* .github */ = {
			isa = PBXGroup;
			children = (
				B2AF47472A1534D90019FEC9 /* pull_request_template.md */,
			);
			path = .github;
			sourceTree = "<group>";
		};
		B2AF474D2A1547100019FEC9 /* Weather */ = {
			isa = PBXGroup;
			children = (
				B2AF47512A15479A0019FEC9 /* Weather.swift */,
				B2AF47532A1547DE0019FEC9 /* Classes */,
				B2AF47502A1547380019FEC9 /* Models */,
			);
			path = Weather;
			sourceTree = "<group>";
		};
		B2AF47502A1547380019FEC9 /* Models */ = {
			isa = PBXGroup;
			children = (
				B2AF47562A1548230019FEC9 /* Weather+Response.swift */,
				B2AF47582A15484A0019FEC9 /* Weather+Main.swift */,
				B2B84E342A1569C800E0423A /* Weather+Geo.swift */,
				B2B84E362A15772D00E0423A /* Weather+Request.swift */,
			);
			path = Models;
			sourceTree = "<group>";
		};
		B2AF47532A1547DE0019FEC9 /* Classes */ = {
			isa = PBXGroup;
			children = (
				B2AF474E2A1547230019FEC9 /* WeatherInteractor.swift */,
				B2AF47622A1554310019FEC9 /* WeatherPresenter.swift */,
				B2AF47602A1553780019FEC9 /* WeatherViewController.swift */,
			);
			path = Classes;
			sourceTree = "<group>";
		};
		B2AF47682A1556BC0019FEC9 /* Helpers */ = {
			isa = PBXGroup;
			children = (
				B2AF47492A1544B00019FEC9 /* Environment.swift */,
				B2AF47692A1556C80019FEC9 /* Localized.swift */,
			);
			path = Helpers;
			sourceTree = "<group>";
		};
/* End PBXGroup section */

/* Begin PBXNativeTarget section */
		B2AF471F2A152E1E0019FEC9 /* CityWeather */ = {
			isa = PBXNativeTarget;
			buildConfigurationList = B2AF47342A152E1F0019FEC9 /* Build configuration list for PBXNativeTarget "CityWeather" */;
			buildPhases = (
				B2AF474B2A1544FF0019FEC9 /* Replace Environment Placeholders */,
				B2AF471C2A152E1E0019FEC9 /* Sources */,
				B2AF471D2A152E1E0019FEC9 /* Frameworks */,
				B2AF471E2A152E1E0019FEC9 /* Resources */,
				B2AF474C2A1545360019FEC9 /* Restore Environment Placeholders */,
			);
			buildRules = (
			);
			dependencies = (
			);
			name = CityWeather;
			productName = CityWeather;
			productReference = B2AF47202A152E1E0019FEC9 /* CityWeather.app */;
			productType = "com.apple.product-type.application";
		};
/* End PBXNativeTarget section */

/* Begin PBXProject section */
		B2AF47182A152E1E0019FEC9 /* Project object */ = {
			isa = PBXProject;
			attributes = {
				BuildIndependentTargetsInParallel = 1;
				LastSwiftUpdateCheck = 1430;
				LastUpgradeCheck = 1430;
				TargetAttributes = {
					B2AF471F2A152E1E0019FEC9 = {
						CreatedOnToolsVersion = 14.3;
					};
				};
			};
			buildConfigurationList = B2AF471B2A152E1E0019FEC9 /* Build configuration list for PBXProject "CityWeather" */;
			compatibilityVersion = "Xcode 14.0";
			developmentRegion = en;
			hasScannedForEncodings = 0;
			knownRegions = (
				en,
				Base,
			);
			mainGroup = B2AF47172A152E1E0019FEC9;
			productRefGroup = B2AF47212A152E1E0019FEC9 /* Products */;
			projectDirPath = "";
			projectRoot = "";
			targets = (
				B2AF471F2A152E1E0019FEC9 /* CityWeather */,
			);
		};
/* End PBXProject section */

/* Begin PBXResourcesBuildPhase section */
		B2AF471E2A152E1E0019FEC9 /* Resources */ = {
			isa = PBXResourcesBuildPhase;
			buildActionMask = 2147483647;
			files = (
				B2AF47302A152E1F0019FEC9 /* LaunchScreen.storyboard in Resources */,
				B2AF472D2A152E1F0019FEC9 /* Assets.xcassets in Resources */,
			);
			runOnlyForDeploymentPostprocessing = 0;
		};
/* End PBXResourcesBuildPhase section */

/* Begin PBXShellScriptBuildPhase section */
		B2AF474B2A1544FF0019FEC9 /* Replace Environment Placeholders */ = {
			isa = PBXShellScriptBuildPhase;
			buildActionMask = 2147483647;
			files = (
			);
			inputFileListPaths = (
			);
			inputPaths = (
			);
			name = "Replace Environment Placeholders";
			outputFileListPaths = (
			);
			outputPaths = (
			);
			runOnlyForDeploymentPostprocessing = 0;
			shellPath = /bin/sh;
			shellScript = "source ~/.bash_profile\n\nsed -i '' \"s/\\$OPENWEATHERMAP_API_KEY/$OPENWEATHERMAP_API_KEY/g\" \"${PROJECT_DIR}/Sources/Compile/Helpers/Environment.swift\"\n";
		};
		B2AF474C2A1545360019FEC9 /* Restore Environment Placeholders */ = {
			isa = PBXShellScriptBuildPhase;
			buildActionMask = 2147483647;
			files = (
			);
			inputFileListPaths = (
			);
			inputPaths = (
			);
			name = "Restore Environment Placeholders";
			outputFileListPaths = (
			);
			outputPaths = (
			);
			runOnlyForDeploymentPostprocessing = 0;
			shellPath = /bin/sh;
			shellScript = "source ~/.bash_profile\n\nsed -i '' \"s/$OPENWEATHERMAP_API_KEY/\\$OPENWEATHERMAP_API_KEY/g\" \"${PROJECT_DIR}/Sources/Compile/Helpers/Environment.swift\"\n\n";
		};
/* End PBXShellScriptBuildPhase section */

/* Begin PBXSourcesBuildPhase section */
		B2AF471C2A152E1E0019FEC9 /* Sources */ = {
			isa = PBXSourcesBuildPhase;
			buildActionMask = 2147483647;
			files = (
				B2B84E372A15772D00E0423A /* Weather+Request.swift in Sources */,
				B2AF47612A1553780019FEC9 /* WeatherViewController.swift in Sources */,
				B2AF47282A152E1E0019FEC9 /* ViewController.swift in Sources */,
				B2AF47592A15484A0019FEC9 /* Weather+Main.swift in Sources */,
				B2AF474A2A1544B00019FEC9 /* Environment.swift in Sources */,
				B2AF476A2A1556C80019FEC9 /* Localized.swift in Sources */,
				B2AF47572A1548230019FEC9 /* Weather+Response.swift in Sources */,
				B2B84E352A1569C800E0423A /* Weather+Geo.swift in Sources */,
				B2AF47632A1554310019FEC9 /* WeatherPresenter.swift in Sources */,
				B2AF474F2A1547230019FEC9 /* WeatherInteractor.swift in Sources */,
				B2AF47242A152E1E0019FEC9 /* AppDelegate.swift in Sources */,
				B2AF47522A15479A0019FEC9 /* Weather.swift in Sources */,
				B2AF47262A152E1E0019FEC9 /* SceneDelegate.swift in Sources */,
			);
			runOnlyForDeploymentPostprocessing = 0;
		};
/* End PBXSourcesBuildPhase section */

/* Begin PBXVariantGroup section */
		B2AF472E2A152E1F0019FEC9 /* LaunchScreen.storyboard */ = {
			isa = PBXVariantGroup;
			children = (
				B2AF472F2A152E1F0019FEC9 /* Base */,
			);
			name = LaunchScreen.storyboard;
			sourceTree = "<group>";
		};
/* End PBXVariantGroup section */

/* Begin XCBuildConfiguration section */
		B2AF47322A152E1F0019FEC9 /* Debug */ = {
			isa = XCBuildConfiguration;
			buildSettings = {
				ALWAYS_SEARCH_USER_PATHS = NO;
				CLANG_ANALYZER_NONNULL = YES;
				CLANG_ANALYZER_NUMBER_OBJECT_CONVERSION = YES_AGGRESSIVE;
				CLANG_CXX_LANGUAGE_STANDARD = "gnu++20";
				CLANG_ENABLE_MODULES = YES;
				CLANG_ENABLE_OBJC_ARC = YES;
				CLANG_ENABLE_OBJC_WEAK = YES;
				CLANG_WARN_BLOCK_CAPTURE_AUTORELEASING = YES;
				CLANG_WARN_BOOL_CONVERSION = YES;
				CLANG_WARN_COMMA = YES;
				CLANG_WARN_CONSTANT_CONVERSION = YES;
				CLANG_WARN_DEPRECATED_OBJC_IMPLEMENTATIONS = YES;
				CLANG_WARN_DIRECT_OBJC_ISA_USAGE = YES_ERROR;
				CLANG_WARN_DOCUMENTATION_COMMENTS = YES;
				CLANG_WARN_EMPTY_BODY = YES;
				CLANG_WARN_ENUM_CONVERSION = YES;
				CLANG_WARN_INFINITE_RECURSION = YES;
				CLANG_WARN_INT_CONVERSION = YES;
				CLANG_WARN_NON_LITERAL_NULL_CONVERSION = YES;
				CLANG_WARN_OBJC_IMPLICIT_RETAIN_SELF = YES;
				CLANG_WARN_OBJC_LITERAL_CONVERSION = YES;
				CLANG_WARN_OBJC_ROOT_CLASS = YES_ERROR;
				CLANG_WARN_QUOTED_INCLUDE_IN_FRAMEWORK_HEADER = YES;
				CLANG_WARN_RANGE_LOOP_ANALYSIS = YES;
				CLANG_WARN_STRICT_PROTOTYPES = YES;
				CLANG_WARN_SUSPICIOUS_MOVE = YES;
				CLANG_WARN_UNGUARDED_AVAILABILITY = YES_AGGRESSIVE;
				CLANG_WARN_UNREACHABLE_CODE = YES;
				CLANG_WARN__DUPLICATE_METHOD_MATCH = YES;
				COPY_PHASE_STRIP = NO;
				DEBUG_INFORMATION_FORMAT = dwarf;
				ENABLE_STRICT_OBJC_MSGSEND = YES;
				ENABLE_TESTABILITY = YES;
				GCC_C_LANGUAGE_STANDARD = gnu11;
				GCC_DYNAMIC_NO_PIC = NO;
				GCC_NO_COMMON_BLOCKS = YES;
				GCC_OPTIMIZATION_LEVEL = 0;
				GCC_PREPROCESSOR_DEFINITIONS = (
					"DEBUG=1",
					"$(inherited)",
				);
				GCC_WARN_64_TO_32_BIT_CONVERSION = YES;
				GCC_WARN_ABOUT_RETURN_TYPE = YES_ERROR;
				GCC_WARN_UNDECLARED_SELECTOR = YES;
				GCC_WARN_UNINITIALIZED_AUTOS = YES_AGGRESSIVE;
				GCC_WARN_UNUSED_FUNCTION = YES;
				GCC_WARN_UNUSED_VARIABLE = YES;
				IPHONEOS_DEPLOYMENT_TARGET = 15.6;
				MTL_ENABLE_DEBUG_INFO = INCLUDE_SOURCE;
				MTL_FAST_MATH = YES;
				ONLY_ACTIVE_ARCH = YES;
				SDKROOT = iphoneos;
				SWIFT_ACTIVE_COMPILATION_CONDITIONS = DEBUG;
				SWIFT_OPTIMIZATION_LEVEL = "-Onone";
			};
			name = Debug;
		};
		B2AF47332A152E1F0019FEC9 /* Release */ = {
			isa = XCBuildConfiguration;
			buildSettings = {
				ALWAYS_SEARCH_USER_PATHS = NO;
				CLANG_ANALYZER_NONNULL = YES;
				CLANG_ANALYZER_NUMBER_OBJECT_CONVERSION = YES_AGGRESSIVE;
				CLANG_CXX_LANGUAGE_STANDARD = "gnu++20";
				CLANG_ENABLE_MODULES = YES;
				CLANG_ENABLE_OBJC_ARC = YES;
				CLANG_ENABLE_OBJC_WEAK = YES;
				CLANG_WARN_BLOCK_CAPTURE_AUTORELEASING = YES;
				CLANG_WARN_BOOL_CONVERSION = YES;
				CLANG_WARN_COMMA = YES;
				CLANG_WARN_CONSTANT_CONVERSION = YES;
				CLANG_WARN_DEPRECATED_OBJC_IMPLEMENTATIONS = YES;
				CLANG_WARN_DIRECT_OBJC_ISA_USAGE = YES_ERROR;
				CLANG_WARN_DOCUMENTATION_COMMENTS = YES;
				CLANG_WARN_EMPTY_BODY = YES;
				CLANG_WARN_ENUM_CONVERSION = YES;
				CLANG_WARN_INFINITE_RECURSION = YES;
				CLANG_WARN_INT_CONVERSION = YES;
				CLANG_WARN_NON_LITERAL_NULL_CONVERSION = YES;
				CLANG_WARN_OBJC_IMPLICIT_RETAIN_SELF = YES;
				CLANG_WARN_OBJC_LITERAL_CONVERSION = YES;
				CLANG_WARN_OBJC_ROOT_CLASS = YES_ERROR;
				CLANG_WARN_QUOTED_INCLUDE_IN_FRAMEWORK_HEADER = YES;
				CLANG_WARN_RANGE_LOOP_ANALYSIS = YES;
				CLANG_WARN_STRICT_PROTOTYPES = YES;
				CLANG_WARN_SUSPICIOUS_MOVE = YES;
				CLANG_WARN_UNGUARDED_AVAILABILITY = YES_AGGRESSIVE;
				CLANG_WARN_UNREACHABLE_CODE = YES;
				CLANG_WARN__DUPLICATE_METHOD_MATCH = YES;
				COPY_PHASE_STRIP = NO;
				DEBUG_INFORMATION_FORMAT = "dwarf-with-dsym";
				ENABLE_NS_ASSERTIONS = NO;
				ENABLE_STRICT_OBJC_MSGSEND = YES;
				GCC_C_LANGUAGE_STANDARD = gnu11;
				GCC_NO_COMMON_BLOCKS = YES;
				GCC_WARN_64_TO_32_BIT_CONVERSION = YES;
				GCC_WARN_ABOUT_RETURN_TYPE = YES_ERROR;
				GCC_WARN_UNDECLARED_SELECTOR = YES;
				GCC_WARN_UNINITIALIZED_AUTOS = YES_AGGRESSIVE;
				GCC_WARN_UNUSED_FUNCTION = YES;
				GCC_WARN_UNUSED_VARIABLE = YES;
				IPHONEOS_DEPLOYMENT_TARGET = 15.6;
				MTL_ENABLE_DEBUG_INFO = NO;
				MTL_FAST_MATH = YES;
				SDKROOT = iphoneos;
				SWIFT_COMPILATION_MODE = wholemodule;
				SWIFT_OPTIMIZATION_LEVEL = "-O";
				VALIDATE_PRODUCT = YES;
			};
			name = Release;
		};
		B2AF47352A152E1F0019FEC9 /* Debug */ = {
			isa = XCBuildConfiguration;
			buildSettings = {
				ASSETCATALOG_COMPILER_APPICON_NAME = AppIcon;
				ASSETCATALOG_COMPILER_GLOBAL_ACCENT_COLOR_NAME = AccentColor;
				CODE_SIGN_STYLE = Automatic;
				CURRENT_PROJECT_VERSION = 1;
				GENERATE_INFOPLIST_FILE = YES;
				INFOPLIST_FILE = Sources/Build/Info.plist;
				INFOPLIST_KEY_CFBundleDisplayName = "City Weather";
				INFOPLIST_KEY_LSApplicationCategoryType = "public.app-category.lifestyle";
				INFOPLIST_KEY_UIApplicationSupportsIndirectInputEvents = YES;
				INFOPLIST_KEY_UILaunchStoryboardName = LaunchScreen.storyboard;
				INFOPLIST_KEY_UIMainStoryboardFile = "";
				INFOPLIST_KEY_UISupportedInterfaceOrientations = "UIInterfaceOrientationLandscapeLeft UIInterfaceOrientationLandscapeRight UIInterfaceOrientationPortrait UIInterfaceOrientationPortraitUpsideDown";
				LD_RUNPATH_SEARCH_PATHS = (
					"$(inherited)",
					"@executable_path/Frameworks",
				);
				MARKETING_VERSION = 0.1.2;
				PRODUCT_BUNDLE_IDENTIFIER = com.linguri.CityWeather;
				PRODUCT_NAME = "$(TARGET_NAME)";
				SWIFT_EMIT_LOC_STRINGS = YES;
				SWIFT_VERSION = 5.0;
				TARGETED_DEVICE_FAMILY = "1,2";
			};
			name = Debug;
		};
		B2AF47362A152E1F0019FEC9 /* Release */ = {
			isa = XCBuildConfiguration;
			buildSettings = {
				ASSETCATALOG_COMPILER_APPICON_NAME = AppIcon;
				ASSETCATALOG_COMPILER_GLOBAL_ACCENT_COLOR_NAME = AccentColor;
				CODE_SIGN_STYLE = Automatic;
				CURRENT_PROJECT_VERSION = 1;
				GENERATE_INFOPLIST_FILE = YES;
				INFOPLIST_FILE = Sources/Build/Info.plist;
				INFOPLIST_KEY_CFBundleDisplayName = "City Weather";
				INFOPLIST_KEY_LSApplicationCategoryType = "public.app-category.lifestyle";
				INFOPLIST_KEY_UIApplicationSupportsIndirectInputEvents = YES;
				INFOPLIST_KEY_UILaunchStoryboardName = LaunchScreen.storyboard;
				INFOPLIST_KEY_UIMainStoryboardFile = "";
				INFOPLIST_KEY_UISupportedInterfaceOrientations = "UIInterfaceOrientationLandscapeLeft UIInterfaceOrientationLandscapeRight UIInterfaceOrientationPortrait UIInterfaceOrientationPortraitUpsideDown";
				LD_RUNPATH_SEARCH_PATHS = (
					"$(inherited)",
					"@executable_path/Frameworks",
				);
				MARKETING_VERSION = 0.1.2;
				PRODUCT_BUNDLE_IDENTIFIER = com.linguri.CityWeather;
				PRODUCT_NAME = "$(TARGET_NAME)";
				SWIFT_EMIT_LOC_STRINGS = YES;
				SWIFT_VERSION = 5.0;
				TARGETED_DEVICE_FAMILY = "1,2";
			};
			name = Release;
		};
/* End XCBuildConfiguration section */

/* Begin XCConfigurationList section */
		B2AF471B2A152E1E0019FEC9 /* Build configuration list for PBXProject "CityWeather" */ = {
			isa = XCConfigurationList;
			buildConfigurations = (
				B2AF47322A152E1F0019FEC9 /* Debug */,
				B2AF47332A152E1F0019FEC9 /* Release */,
			);
			defaultConfigurationIsVisible = 0;
			defaultConfigurationName = Release;
		};
		B2AF47342A152E1F0019FEC9 /* Build configuration list for PBXNativeTarget "CityWeather" */ = {
			isa = XCConfigurationList;
			buildConfigurations = (
				B2AF47352A152E1F0019FEC9 /* Debug */,
				B2AF47362A152E1F0019FEC9 /* Release */,
			);
			defaultConfigurationIsVisible = 0;
			defaultConfigurationName = Release;
		};
/* End XCConfigurationList section */
	};
	rootObject = B2AF47182A152E1E0019FEC9 /* Project object */;
}
